// !$*UTF8*$!
{
	archiveVersion = 1;
	classes = {
	};
	objectVersion = 50;
	objects = {

/* Begin PBXBuildFile section */
		D10B703D250FCD1700EF8EFE /* AppDelegate.swift in Sources */ = {isa = PBXBuildFile; fileRef = D10B703C250FCD1700EF8EFE /* AppDelegate.swift */; };
		D10B703F250FCD1700EF8EFE /* SceneDelegate.swift in Sources */ = {isa = PBXBuildFile; fileRef = D10B703E250FCD1700EF8EFE /* SceneDelegate.swift */; };
		D10B7041250FCD1700EF8EFE /* ViewController.swift in Sources */ = {isa = PBXBuildFile; fileRef = D10B7040250FCD1700EF8EFE /* ViewController.swift */; };
		D10B7044250FCD1700EF8EFE /* Main.storyboard in Resources */ = {isa = PBXBuildFile; fileRef = D10B7042250FCD1700EF8EFE /* Main.storyboard */; };
		D10B7046250FCD1900EF8EFE /* Assets.xcassets in Resources */ = {isa = PBXBuildFile; fileRef = D10B7045250FCD1900EF8EFE /* Assets.xcassets */; };
		D10B7049250FCD1900EF8EFE /* LaunchScreen.storyboard in Resources */ = {isa = PBXBuildFile; fileRef = D10B7047250FCD1900EF8EFE /* LaunchScreen.storyboard */; };
/* End PBXBuildFile section */

/* Begin PBXFileReference section */
		D10B7039250FCD1700EF8EFE /* TapCollectionViewCellSample.app */ = {isa = PBXFileReference; explicitFileType = wrapper.application; includeInIndex = 0; path = TapCollectionViewCellSample.app; sourceTree = BUILT_PRODUCTS_DIR; };
		D10B703C250FCD1700EF8EFE /* AppDelegate.swift */ = {isa = PBXFileReference; lastKnownFileType = sourcecode.swift; path = AppDelegate.swift; sourceTree = "<group>"; };
		D10B703E250FCD1700EF8EFE /* SceneDelegate.swift */ = {isa = PBXFileReference; lastKnownFileType = sourcecode.swift; path = SceneDelegate.swift; sourceTree = "<group>"; };
		D10B7040250FCD1700EF8EFE /* ViewController.swift */ = {isa = PBXFileReference; lastKnownFileType = sourcecode.swift; path = ViewController.swift; sourceTree = "<group>"; };
		D10B7043250FCD1700EF8EFE /* Base */ = {isa = PBXFileReference; lastKnownFileType = file.storyboard; name = Base; path = Base.lproj/Main.storyboard; sourceTree = "<group>"; };
		D10B7045250FCD1900EF8EFE /* Assets.xcassets */ = {isa = PBXFileReference; lastKnownFileType = folder.assetcatalog; path = Assets.xcassets; sourceTree = "<group>"; };
		D10B7048250FCD1900EF8EFE /* Base */ = {isa = PBXFileReference; lastKnownFileType = file.storyboard; name = Base; path = Base.lproj/LaunchScreen.storyboard; sourceTree = "<group>"; };
		D10B704A250FCD1900EF8EFE /* Info.plist */ = {isa = PBXFileReference; lastKnownFileType = text.plist.xml; path = Info.plist; sourceTree = "<group>"; };
/* End PBXFileReference section */

/* Begin PBXFrameworksBuildPhase section */
		D10B7036250FCD1700EF8EFE /* Frameworks */ = {
			isa = PBXFrameworksBuildPhase;
			buildActionMask = 2147483647;
			files = (
			);
			runOnlyForDeploymentPostprocessing = 0;
		};
/* End PBXFrameworksBuildPhase section */

/* Begin PBXGroup section */
		D10B7030250FCD1700EF8EFE = {
			isa = PBXGroup;
			children = (
				D10B703B250FCD1700EF8EFE /* TapCollectionViewCellSample */,
				D10B703A250FCD1700EF8EFE /* Products */,
			);
			sourceTree = "<group>";
		};
		D10B703A250FCD1700EF8EFE /* Products */ = {
			isa = PBXGroup;
			children = (
				D10B7039250FCD1700EF8EFE /* TapCollectionViewCellSample.app */,
			);
			name = Products;
			sourceTree = "<group>";
		};
		D10B703B250FCD1700EF8EFE /* TapCollectionViewCellSample */ = {
			isa = PBXGroup;
			children = (
				D10B703C250FCD1700EF8EFE /* AppDelegate.swift */,
				D10B703E250FCD1700EF8EFE /* SceneDelegate.swift */,
				D10B7040250FCD1700EF8EFE /* ViewController.swift */,
				D10B7042250FCD1700EF8EFE /* Main.storyboard */,
				D10B7045250FCD1900EF8EFE /* Assets.xcassets */,
				D10B7047250FCD1900EF8EFE /* LaunchScreen.storyboard */,
				D10B704A250FCD1900EF8EFE /* Info.plist */,
			);
			path = TapCollectionViewCellSample;
			sourceTree = "<group>";
		};
/* End PBXGroup section */

/* Begin PBXNativeTarget section */
		D10B7038250FCD1700EF8EFE /* TapCollectionViewCellSample */ = {
			isa = PBXNativeTarget;
			buildConfigurationList = D10B704D250FCD1900EF8EFE /* Build configuration list for PBXNativeTarget "TapCollectionViewCellSample" */;
			buildPhases = (
				D10B7035250FCD1700EF8EFE /* Sources */,
				D10B7036250FCD1700EF8EFE /* Frameworks */,
				D10B7037250FCD1700EF8EFE /* Resources */,
			);
			buildRules = (
			);
			dependencies = (
			);
			name = TapCollectionViewCellSample;
			productName = TapCollectionViewCellSample;
			productReference = D10B7039250FCD1700EF8EFE /* TapCollectionViewCellSample.app */;
			productType = "com.apple.product-type.application";
		};
/* End PBXNativeTarget section */

/* Begin PBXProject section */
		D10B7031250FCD1700EF8EFE /* Project object */ = {
			isa = PBXProject;
			attributes = {
				LastSwiftUpdateCheck = 1170;
				LastUpgradeCheck = 1170;
				ORGANIZATIONNAME = com.tomotaka;
				TargetAttributes = {
					D10B7038250FCD1700EF8EFE = {
						CreatedOnToolsVersion = 11.7;
					};
				};
			};
			buildConfigurationList = D10B7034250FCD1700EF8EFE /* Build configuration list for PBXProject "TapCollectionViewCellSample" */;
			compatibilityVersion = "Xcode 9.3";
			developmentRegion = en;
			hasScannedForEncodings = 0;
			knownRegions = (
				en,
				Base,
			);
			mainGroup = D10B7030250FCD1700EF8EFE;
			productRefGroup = D10B703A250FCD1700EF8EFE /* Products */;
			projectDirPath = "";
			projectRoot = "";
			targets = (
				D10B7038250FCD1700EF8EFE /* TapCollectionViewCellSample */,
			);
		};
/* End PBXProject section */

/* Begin PBXResourcesBuildPhase section */
		D10B7037250FCD1700EF8EFE /* Resources */ = {
			isa = PBXResourcesBuildPhase;
			buildActionMask = 2147483647;
			files = (
				D10B7049250FCD1900EF8EFE /* LaunchScreen.storyboard in Resources */,
				D10B7046250FCD1900EF8EFE /* Assets.xcassets in Resources */,
				D10B7044250FCD1700EF8EFE /* Main.storyboard in Resources */,
			);
			runOnlyForDeploymentPostprocessing = 0;
		};
/* End PBXResourcesBuildPhase section */

/* Begin PBXSourcesBuildPhase section */
		D10B7035250FCD1700EF8EFE /* Sources */ = {
			isa = PBXSourcesBuildPhase;
			buildActionMask = 2147483647;
			files = (
				D10B7041250FCD1700EF8EFE /* ViewController.swift in Sources */,
				D10B703D250FCD1700EF8EFE /* AppDelegate.swift in Sources */,
				D10B703F250FCD1700EF8EFE /* SceneDelegate.swift in Sources */,
			);
			runOnlyForDeploymentPostprocessing = 0;
		};
/* End PBXSourcesBuildPhase section */

/* Begin PBXVariantGroup section */
		D10B7042250FCD1700EF8EFE /* Main.storyboard */ = {
			isa = PBXVariantGroup;
			children = (
				D10B7043250FCD1700EF8EFE /* Base */,
			);
			name = Main.storyboard;
			sourceTree = "<group>";
		};
		D10B7047250FCD1900EF8EFE /* LaunchScreen.storyboard */ = {
			isa = PBXVariantGroup;
			children = (
				D10B7048250FCD1900EF8EFE /* Base */,
			);
			name = LaunchScreen.storyboard;
			sourceTree = "<group>";
		};
/* End PBXVariantGroup section */

/* Begin XCBuildConfiguration section */
		D10B704B250FCD1900EF8EFE /* Debug */ = {
			isa = XCBuildConfiguration;
			buildSettings = {
				ALWAYS_SEARCH_USER_PATHS = NO;
				CLANG_ANALYZER_NONNULL = YES;
				CLANG_ANALYZER_NUMBER_OBJECT_CONVERSION = YES_AGGRESSIVE;
				CLANG_CXX_LANGUAGE_STANDARD = "gnu++14";
				CLANG_CXX_LIBRARY = "libc++";
				CLANG_ENABLE_MODULES = YES;
				CLANG_ENABLE_OBJC_ARC = YES;
				CLANG_ENABLE_OBJC_WEAK = YES;
				CLANG_WARN_BLOCK_CAPTURE_AUTORELEASING = YES;
				CLANG_WARN_BOOL_CONVERSION = YES;
				CLANG_WARN_COMMA = YES;
				CLANG_WARN_CONSTANT_CONVERSION = YES;
				CLANG_WARN_DEPRECATED_OBJC_IMPLEMENTATIONS = YES;
				CLANG_WARN_DIRECT_OBJC_ISA_USAGE = YES_ERROR;
				CLANG_WARN_DOCUMENTATION_COMMENTS = YES;
				CLANG_WARN_EMPTY_BODY = YES;
				CLANG_WARN_ENUM_CONVERSION = YES;
				CLANG_WARN_INFINITE_RECURSION = YES;
				CLANG_WARN_INT_CONVERSION = YES;
				CLANG_WARN_NON_LITERAL_NULL_CONVERSION = YES;
				CLANG_WARN_OBJC_IMPLICIT_RETAIN_SELF = YES;
				CLANG_WARN_OBJC_LITERAL_CONVERSION = YES;
				CLANG_WARN_OBJC_ROOT_CLASS = YES_ERROR;
				CLANG_WARN_RANGE_LOOP_ANALYSIS = YES;
				CLANG_WARN_STRICT_PROTOTYPES = YES;
				CLANG_WARN_SUSPICIOUS_MOVE = YES;
				CLANG_WARN_UNGUARDED_AVAILABILITY = YES_AGGRESSIVE;
				CLANG_WARN_UNREACHABLE_CODE = YES;
				CLANG_WARN__DUPLICATE_METHOD_MATCH = YES;
				COPY_PHASE_STRIP = NO;
				DEBUG_INFORMATION_FORMAT = dwarf;
				ENABLE_STRICT_OBJC_MSGSEND = YES;
				ENABLE_TESTABILITY = YES;
				GCC_C_LANGUAGE_STANDARD = gnu11;
				GCC_DYNAMIC_NO_PIC = NO;
				GCC_NO_COMMON_BLOCKS = YES;
				GCC_OPTIMIZATION_LEVEL = 0;
				GCC_PREPROCESSOR_DEFINITIONS = (
					"DEBUG=1",
					"$(inherited)",
				);
				GCC_WARN_64_TO_32_BIT_CONVERSION = YES;
				GCC_WARN_ABOUT_RETURN_TYPE = YES_ERROR;
				GCC_WARN_UNDECLARED_SELECTOR = YES;
				GCC_WARN_UNINITIALIZED_AUTOS = YES_AGGRESSIVE;
				GCC_WARN_UNUSED_FUNCTION = YES;
				GCC_WARN_UNUSED_VARIABLE = YES;
				IPHONEOS_DEPLOYMENT_TARGET = 13.7;
				MTL_ENABLE_DEBUG_INFO = INCLUDE_SOURCE;
				MTL_FAST_MATH = YES;
				ONLY_ACTIVE_ARCH = YES;
				SDKROOT = iphoneos;
				SWIFT_ACTIVE_COMPILATION_CONDITIONS = DEBUG;
				SWIFT_OPTIMIZATION_LEVEL = "-Onone";
			};
			name = Debug;
		};
		D10B704C250FCD1900EF8EFE /* Release */ = {
			isa = XCBuildConfiguration;
			buildSettings = {
				ALWAYS_SEARCH_USER_PATHS = NO;
				CLANG_ANALYZER_NONNULL = YES;
				CLANG_ANALYZER_NUMBER_OBJECT_CONVERSION = YES_AGGRESSIVE;
				CLANG_CXX_LANGUAGE_STANDARD = "gnu++14";
				CLANG_CXX_LIBRARY = "libc++";
				CLANG_ENABLE_MODULES = YES;
				CLANG_ENABLE_OBJC_ARC = YES;
				CLANG_ENABLE_OBJC_WEAK = YES;
				CLANG_WARN_BLOCK_CAPTURE_AUTORELEASING = YES;
				CLANG_WARN_BOOL_CONVERSION = YES;
				CLANG_WARN_COMMA = YES;
				CLANG_WARN_CONSTANT_CONVERSION = YES;
				CLANG_WARN_DEPRECATED_OBJC_IMPLEMENTATIONS = YES;
				CLANG_WARN_DIRECT_OBJC_ISA_USAGE = YES_ERROR;
				CLANG_WARN_DOCUMENTATION_COMMENTS = YES;
				CLANG_WARN_EMPTY_BODY = YES;
				CLANG_WARN_ENUM_CONVERSION = YES;
				CLANG_WARN_INFINITE_RECURSION = YES;
				CLANG_WARN_INT_CONVERSION = YES;
				CLANG_WARN_NON_LITERAL_NULL_CONVERSION = YES;
				CLANG_WARN_OBJC_IMPLICIT_RETAIN_SELF = YES;
				CLANG_WARN_OBJC_LITERAL_CONVERSION = YES;
				CLANG_WARN_OBJC_ROOT_CLASS = YES_ERROR;
				CLANG_WARN_RANGE_LOOP_ANALYSIS = YES;
				CLANG_WARN_STRICT_PROTOTYPES = YES;
				CLANG_WARN_SUSPICIOUS_MOVE = YES;
				CLANG_WARN_UNGUARDED_AVAILABILITY = YES_AGGRESSIVE;
				CLANG_WARN_UNREACHABLE_CODE = YES;
				CLANG_WARN__DUPLICATE_METHOD_MATCH = YES;
				COPY_PHASE_STRIP = NO;
				DEBUG_INFORMATION_FORMAT = "dwarf-with-dsym";
				ENABLE_NS_ASSERTIONS = NO;
				ENABLE_STRICT_OBJC_MSGSEND = YES;
				GCC_C_LANGUAGE_STANDARD = gnu11;
				GCC_NO_COMMON_BLOCKS = YES;
				GCC_WARN_64_TO_32_BIT_CONVERSION = YES;
				GCC_WARN_ABOUT_RETURN_TYPE = YES_ERROR;
				GCC_WARN_UNDECLARED_SELECTOR = YES;
				GCC_WARN_UNINITIALIZED_AUTOS = YES_AGGRESSIVE;
				GCC_WARN_UNUSED_FUNCTION = YES;
				GCC_WARN_UNUSED_VARIABLE = YES;
				IPHONEOS_DEPLOYMENT_TARGET = 13.7;
				MTL_ENABLE_DEBUG_INFO = NO;
				MTL_FAST_MATH = YES;
				SDKROOT = iphoneos;
				SWIFT_COMPILATION_MODE = wholemodule;
				SWIFT_OPTIMIZATION_LEVEL = "-O";
				VALIDATE_PRODUCT = YES;
			};
			name = Release;
		};
		D10B704E250FCD1900EF8EFE /* Debug */ = {
			isa = XCBuildConfiguration;
			buildSettings = {
				ASSETCATALOG_COMPILER_APPICON_NAME = AppIcon;
				CODE_SIGN_STYLE = Automatic;
				INFOPLIST_FILE = TapCollectionViewCellSample/Info.plist;
				LD_RUNPATH_SEARCH_PATHS = (
					"$(inherited)",
					"@executable_path/Frameworks",
				);
				PRODUCT_BUNDLE_IDENTIFIER = com.tomotaka.TapCollectionViewCellSample;
				PRODUCT_NAME = "$(TARGET_NAME)";
				SWIFT_VERSION = 5.0;
				TARGETED_DEVICE_FAMILY = "1,2";
			};
			name = Debug;
		};
		D10B704F250FCD1900EF8EFE /* Release */ = {
			isa = XCBuildConfiguration;
			buildSettings = {
				ASSETCATALOG_COMPILER_APPICON_NAME = AppIcon;
				CODE_SIGN_STYLE = Automatic;
				INFOPLIST_FILE = TapCollectionViewCellSample/Info.plist;
				LD_RUNPATH_SEARCH_PATHS = (
					"$(inherited)",
					"@executable_path/Frameworks",
				);
				PRODUCT_BUNDLE_IDENTIFIER = com.tomotaka.TapCollectionViewCellSample;
				PRODUCT_NAME = "$(TARGET_NAME)";
				SWIFT_VERSION = 5.0;
				TARGETED_DEVICE_FAMILY = "1,2";
			};
			name = Release;
		};
/* End XCBuildConfiguration section */

/* Begin XCConfigurationList section */
		D10B7034250FCD1700EF8EFE /* Build configuration list for PBXProject "TapCollectionViewCellSample" */ = {
			isa = XCConfigurationList;
			buildConfigurations = (
				D10B704B250FCD1900EF8EFE /* Debug */,
				D10B704C250FCD1900EF8EFE /* Release */,
			);
			defaultConfigurationIsVisible = 0;
			defaultConfigurationName = Release;
		};
		D10B704D250FCD1900EF8EFE /* Build configuration list for PBXNativeTarget "TapCollectionViewCellSample" */ = {
			isa = XCConfigurationList;
			buildConfigurations = (
				D10B704E250FCD1900EF8EFE /* Debug */,
				D10B704F250FCD1900EF8EFE /* Release */,
			);
			defaultConfigurationIsVisible = 0;
			defaultConfigurationName = Release;
		};
/* End XCConfigurationList section */
	};
	rootObject = D10B7031250FCD1700EF8EFE /* Project object */;
}
